
Microsoft Visual Studio Solution File, Format Version 12.00
# Visual Studio Version 16
VisualStudioVersion = 16.0.33328.57
MinimumVisualStudioVersion = 10.0.40219.1
Project("{FAE04EC0-301F-11D3-BF4B-00C04F79EFBC}") = "cufinal", "cufinal\cufinal.csproj", "{A60349A0-3BCB-43B3-BE39-4B4EEC6EEBC9}"
EndProject
Project("{FAE04EC0-301F-11D3-BF4B-00C04F79EFBC}") = "test", "test\test.csproj", "{9BC7E5BF-6EF2-4073-A408-1CA149EE24D7}"
EndProject
Global
	GlobalSection(SolutionConfigurationPlatforms) = preSolution
		Debug|Any CPU = Debug|Any CPU
		Release|Any CPU = Release|Any CPU
	EndGlobalSection
	GlobalSection(ProjectConfigurationPlatforms) = postSolution
		{A60349A0-3BCB-43B3-BE39-4B4EEC6EEBC9}.Debug|Any CPU.ActiveCfg = Debug|Any CPU
		{A60349A0-3BCB-43B3-BE39-4B4EEC6EEBC9}.Debug|Any CPU.Build.0 = Debug|Any CPU
		{A60349A0-3BCB-43B3-BE39-4B4EEC6EEBC9}.Release|Any CPU.ActiveCfg = Release|Any CPU
		{A60349A0-3BCB-43B3-BE39-4B4EEC6EEBC9}.Release|Any CPU.Build.0 = Release|Any CPU
		{9BC7E5BF-6EF2-4073-A408-1CA149EE24D7}.Debug|Any CPU.ActiveCfg = Debug|Any CPU
		{9BC7E5BF-6EF2-4073-A408-1CA149EE24D7}.Debug|Any CPU.Build.0 = Debug|Any CPU
		{9BC7E5BF-6EF2-4073-A408-1CA149EE24D7}.Release|Any CPU.ActiveCfg = Release|Any CPU
		{9BC7E5BF-6EF2-4073-A408-1CA149EE24D7}.Release|Any CPU.Build.0 = Release|Any CPU
	EndGlobalSection
	GlobalSection(SolutionProperties) = preSolution
		HideSolutionNode = FALSE
	EndGlobalSection
	GlobalSection(ExtensibilityGlobals) = postSolution
		SolutionGuid = {6223D099-8AAB-482E-97F3-6CD81EA5F329}
	EndGlobalSection
EndGlobal
