
Microsoft Visual Studio Solution File, Format Version 12.00
# Visual Studio Version 16
VisualStudioVersion = 16.0.33328.57
MinimumVisualStudioVersion = 10.0.40219.1
Project("{FAE04EC0-301F-11D3-BF4B-00C04F79EFBC}") = "SampleWebAPI", "SampleWebAPI\SampleWebAPI.csproj", "{F8CB83B8-FB2C-4784-AF6B-E096073045E8}"
EndProject
Project("{FAE04EC0-301F-11D3-BF4B-00C04F79EFBC}") = "depencyinjectiondemo", "depencyinjectiondemo\depencyinjectiondemo.csproj", "{5F0ED4F1-C5DA-4249-ABA3-2782C4407B16}"
EndProject
Global
	GlobalSection(SolutionConfigurationPlatforms) = preSolution
		Debug|Any CPU = Debug|Any CPU
		Release|Any CPU = Release|Any CPU
	EndGlobalSection
	GlobalSection(ProjectConfigurationPlatforms) = postSolution
		{F8CB83B8-FB2C-4784-AF6B-E096073045E8}.Debug|Any CPU.ActiveCfg = Debug|Any CPU
		{F8CB83B8-FB2C-4784-AF6B-E096073045E8}.Debug|Any CPU.Build.0 = Debug|Any CPU
		{F8CB83B8-FB2C-4784-AF6B-E096073045E8}.Release|Any CPU.ActiveCfg = Release|Any CPU
		{F8CB83B8-FB2C-4784-AF6B-E096073045E8}.Release|Any CPU.Build.0 = Release|Any CPU
		{5F0ED4F1-C5DA-4249-ABA3-2782C4407B16}.Debug|Any CPU.ActiveCfg = Debug|Any CPU
		{5F0ED4F1-C5DA-4249-ABA3-2782C4407B16}.Debug|Any CPU.Build.0 = Debug|Any CPU
		{5F0ED4F1-C5DA-4249-ABA3-2782C4407B16}.Release|Any CPU.ActiveCfg = Release|Any CPU
		{5F0ED4F1-C5DA-4249-ABA3-2782C4407B16}.Release|Any CPU.Build.0 = Release|Any CPU
	EndGlobalSection
	GlobalSection(SolutionProperties) = preSolution
		HideSolutionNode = FALSE
	EndGlobalSection
	GlobalSection(ExtensibilityGlobals) = postSolution
		SolutionGuid = {CE2871F5-2019-45EF-9528-38934B9D1A5C}
	EndGlobalSection
EndGlobal
