
Microsoft Visual Studio Solution File, Format Version 12.00
# Visual Studio Version 16
VisualStudioVersion = 16.0.33328.57
MinimumVisualStudioVersion = 10.0.40219.1
Project("{FAE04EC0-301F-11D3-BF4B-00C04F79EFBC}") = "adonetwindows", "adonetwindows\adonetwindows.csproj", "{86A64199-7FC2-4EBA-9409-77EAB649CE3E}"
EndProject
Global
	GlobalSection(SolutionConfigurationPlatforms) = preSolution
		Debug|Any CPU = Debug|Any CPU
		Release|Any CPU = Release|Any CPU
	EndGlobalSection
	GlobalSection(ProjectConfigurationPlatforms) = postSolution
		{86A64199-7FC2-4EBA-9409-77EAB649CE3E}.Debug|Any CPU.ActiveCfg = Debug|Any CPU
		{86A64199-7FC2-4EBA-9409-77EAB649CE3E}.Debug|Any CPU.Build.0 = Debug|Any CPU
		{86A64199-7FC2-4EBA-9409-77EAB649CE3E}.Release|Any CPU.ActiveCfg = Release|Any CPU
		{86A64199-7FC2-4EBA-9409-77EAB649CE3E}.Release|Any CPU.Build.0 = Release|Any CPU
	EndGlobalSection
	GlobalSection(SolutionProperties) = preSolution
		HideSolutionNode = FALSE
	EndGlobalSection
	GlobalSection(ExtensibilityGlobals) = postSolution
		SolutionGuid = {41624E71-FD84-4AF9-8857-A2244323C949}
	EndGlobalSection
EndGlobal
